{
  "pins" : [
    {
      "identity" : "factory",
      "kind" : "remoteSourceControl",
      "location" : "https://github.com/hmlongco/Factory.git",
      "state" : {
        "branch" : "develop",
        "revision" : "0f3116c973c7a56acee89a1c596012f91ea85747"
      }
    }
  ],
  "version" : 2
}
